
Microsoft Visual Studio Solution File, Format Version 12.00
# Visual Studio 14
VisualStudioVersion = 14.0.25420.1
MinimumVisualStudioVersion = 10.0.40219.1
Project("{2150E333-8FDC-42A3-9474-1A3956D46DE8}") = "BusinessLayer", "BusinessLayer", "{2487CC98-89A7-4BBE-A8FF-83C2A869B427}"
EndProject
Project("{2150E333-8FDC-42A3-9474-1A3956D46DE8}") = "CommonLayer", "CommonLayer", "{916C27D6-8E4B-4FE2-ADE6-5DB4A59054A5}"
EndProject
Project("{2150E333-8FDC-42A3-9474-1A3956D46DE8}") = "DataLayer", "DataLayer", "{C2735BE1-8981-4F65-AAD1-8D493F8B8C51}"
EndProject
Project("{2150E333-8FDC-42A3-9474-1A3956D46DE8}") = "EntityLayer", "EntityLayer", "{32F79188-7E7F-4E22-9225-41BFBCA9178A}"
EndProject
Project("{2150E333-8FDC-42A3-9474-1A3956D46DE8}") = "PresentationLayer", "PresentationLayer", "{2248DD73-0A3C-4769-8E3C-6487992C479E}"
EndProject
Project("{FAE04EC0-301F-11D3-BF4B-00C04F79EFBC}") = "Business", "BusinessLayer\Business\Business\Business.csproj", "{6AAB253B-CDED-4F13-BDC8-A13DA42D9498}"
EndProject
Project("{FAE04EC0-301F-11D3-BF4B-00C04F79EFBC}") = "Utility", "CommonLayer\Utility\Utility\Utility.csproj", "{FA6D7A3A-B8A8-4C48-8EA3-C1E1D7FDA383}"
EndProject
Project("{FAE04EC0-301F-11D3-BF4B-00C04F79EFBC}") = "MSSQLDB", "DataLayer\MSSQLDB\MSSQLDB\MSSQLDB.csproj", "{824136CB-274A-4B14-987C-40345E6C8DE1}"
EndProject
Project("{FAE04EC0-301F-11D3-BF4B-00C04F79EFBC}") = "Entity", "EntityLayer\Entity\ClassLibrary1\Entity.csproj", "{36F3214F-628D-4D01-968D-68F9C9BE0463}"
EndProject
Project("{FAE04EC0-301F-11D3-BF4B-00C04F79EFBC}") = "ViewModel", "EntityLayer\ViewModel\ClassLibrary1\ViewModel.csproj", "{230A724B-0259-4369-A4AF-C0274EC81D65}"
EndProject
Project("{FAE04EC0-301F-11D3-BF4B-00C04F79EFBC}") = "MVCTESTSITE", "PresentationLayer\MVCTESTSITE\MVCTESTSITE.csproj", "{FD6F2EE2-5E8B-4570-8250-5DC5F66ECF90}"
EndProject
Global
	GlobalSection(SolutionConfigurationPlatforms) = preSolution
		Debug|Any CPU = Debug|Any CPU
		Release|Any CPU = Release|Any CPU
	EndGlobalSection
	GlobalSection(ProjectConfigurationPlatforms) = postSolution
		{6AAB253B-CDED-4F13-BDC8-A13DA42D9498}.Debug|Any CPU.ActiveCfg = Debug|Any CPU
		{6AAB253B-CDED-4F13-BDC8-A13DA42D9498}.Debug|Any CPU.Build.0 = Debug|Any CPU
		{6AAB253B-CDED-4F13-BDC8-A13DA42D9498}.Release|Any CPU.ActiveCfg = Release|Any CPU
		{6AAB253B-CDED-4F13-BDC8-A13DA42D9498}.Release|Any CPU.Build.0 = Release|Any CPU
		{FA6D7A3A-B8A8-4C48-8EA3-C1E1D7FDA383}.Debug|Any CPU.ActiveCfg = Debug|Any CPU
		{FA6D7A3A-B8A8-4C48-8EA3-C1E1D7FDA383}.Debug|Any CPU.Build.0 = Debug|Any CPU
		{FA6D7A3A-B8A8-4C48-8EA3-C1E1D7FDA383}.Release|Any CPU.ActiveCfg = Release|Any CPU
		{FA6D7A3A-B8A8-4C48-8EA3-C1E1D7FDA383}.Release|Any CPU.Build.0 = Release|Any CPU
		{824136CB-274A-4B14-987C-40345E6C8DE1}.Debug|Any CPU.ActiveCfg = Debug|Any CPU
		{824136CB-274A-4B14-987C-40345E6C8DE1}.Debug|Any CPU.Build.0 = Debug|Any CPU
		{824136CB-274A-4B14-987C-40345E6C8DE1}.Release|Any CPU.ActiveCfg = Release|Any CPU
		{824136CB-274A-4B14-987C-40345E6C8DE1}.Release|Any CPU.Build.0 = Release|Any CPU
		{36F3214F-628D-4D01-968D-68F9C9BE0463}.Debug|Any CPU.ActiveCfg = Debug|Any CPU
		{36F3214F-628D-4D01-968D-68F9C9BE0463}.Debug|Any CPU.Build.0 = Debug|Any CPU
		{36F3214F-628D-4D01-968D-68F9C9BE0463}.Release|Any CPU.ActiveCfg = Release|Any CPU
		{36F3214F-628D-4D01-968D-68F9C9BE0463}.Release|Any CPU.Build.0 = Release|Any CPU
		{230A724B-0259-4369-A4AF-C0274EC81D65}.Debug|Any CPU.ActiveCfg = Debug|Any CPU
		{230A724B-0259-4369-A4AF-C0274EC81D65}.Debug|Any CPU.Build.0 = Debug|Any CPU
		{230A724B-0259-4369-A4AF-C0274EC81D65}.Release|Any CPU.ActiveCfg = Release|Any CPU
		{230A724B-0259-4369-A4AF-C0274EC81D65}.Release|Any CPU.Build.0 = Release|Any CPU
		{FD6F2EE2-5E8B-4570-8250-5DC5F66ECF90}.Debug|Any CPU.ActiveCfg = Debug|Any CPU
		{FD6F2EE2-5E8B-4570-8250-5DC5F66ECF90}.Debug|Any CPU.Build.0 = Debug|Any CPU
		{FD6F2EE2-5E8B-4570-8250-5DC5F66ECF90}.Release|Any CPU.ActiveCfg = Release|Any CPU
		{FD6F2EE2-5E8B-4570-8250-5DC5F66ECF90}.Release|Any CPU.Build.0 = Release|Any CPU
	EndGlobalSection
	GlobalSection(SolutionProperties) = preSolution
		HideSolutionNode = FALSE
	EndGlobalSection
	GlobalSection(NestedProjects) = preSolution
		{6AAB253B-CDED-4F13-BDC8-A13DA42D9498} = {2487CC98-89A7-4BBE-A8FF-83C2A869B427}
		{FA6D7A3A-B8A8-4C48-8EA3-C1E1D7FDA383} = {916C27D6-8E4B-4FE2-ADE6-5DB4A59054A5}
		{824136CB-274A-4B14-987C-40345E6C8DE1} = {C2735BE1-8981-4F65-AAD1-8D493F8B8C51}
		{36F3214F-628D-4D01-968D-68F9C9BE0463} = {32F79188-7E7F-4E22-9225-41BFBCA9178A}
		{230A724B-0259-4369-A4AF-C0274EC81D65} = {32F79188-7E7F-4E22-9225-41BFBCA9178A}
		{FD6F2EE2-5E8B-4570-8250-5DC5F66ECF90} = {2248DD73-0A3C-4769-8E3C-6487992C479E}
	EndGlobalSection
EndGlobal
